
Microsoft Visual Studio Solution File, Format Version 12.00
# Visual Studio Version 16
VisualStudioVersion = 16.0.30320.27
MinimumVisualStudioVersion = 10.0.40219.1
Project("{FAE04EC0-301F-11D3-BF4B-00C04F79EFBC}") = "TimeChanger", "TimeChanger\TimeChanger.csproj", "{DCDD5DE5-702B-4313-9311-2CD53EA33547}"
EndProject
Global
	GlobalSection(SolutionConfigurationPlatforms) = preSolution
		Debug|Any CPU = Debug|Any CPU
		Release|Any CPU = Release|Any CPU
	EndGlobalSection
	GlobalSection(ProjectConfigurationPlatforms) = postSolution
		{DCDD5DE5-702B-4313-9311-2CD53EA33547}.Debug|Any CPU.ActiveCfg = Debug|Any CPU
		{DCDD5DE5-702B-4313-9311-2CD53EA33547}.Debug|Any CPU.Build.0 = Debug|Any CPU
		{DCDD5DE5-702B-4313-9311-2CD53EA33547}.Release|Any CPU.ActiveCfg = Release|Any CPU
		{DCDD5DE5-702B-4313-9311-2CD53EA33547}.Release|Any CPU.Build.0 = Release|Any CPU
	EndGlobalSection
	GlobalSection(SolutionProperties) = preSolution
		HideSolutionNode = FALSE
	EndGlobalSection
	GlobalSection(ExtensibilityGlobals) = postSolution
		SolutionGuid = {D0BAAB34-405D-4394-BCA8-C1E4F6D15E29}
	EndGlobalSection
EndGlobal
